
Microsoft Visual Studio Solution File, Format Version 12.00
# Visual Studio Version 17
VisualStudioVersion = 17.6.33829.357
MinimumVisualStudioVersion = 10.0.40219.1
Project("{8BC9CEB8-8B4A-11D0-8D11-00A0C91BC942}") = "ConsoleApplication1", "ConsoleApplication1\ConsoleApplication1.vcxproj", "{AD70988D-43AD-4EC1-AC0B-C805157B08CF}"
EndProject
Project("{8BC9CEB8-8B4A-11D0-8D11-00A0C91BC942}") = "ConsoleApplication2", "ConsoleApplication2\ConsoleApplication2.vcxproj", "{5E51BE1A-28DA-413A-9E75-F37CF6BEC3A0}"
EndProject
Project("{8BC9CEB8-8B4A-11D0-8D11-00A0C91BC942}") = "ConstantsAndTypedef", "ConstantsAndTypedef\ConstantsAndTypedef.vcxproj", "{8BC520B5-7887-4CFB-AE29-CFCDFCA53440}"
EndProject
Project("{8BC9CEB8-8B4A-11D0-8D11-00A0C91BC942}") = "ReferenceTypeArguments", "ReferenceTypeArguments\ReferenceTypeArguments.vcxproj", "{650E6E0C-0AE8-4828-95F7-DA7B3C370091}"
EndProject
Project("{8BC9CEB8-8B4A-11D0-8D11-00A0C91BC942}") = "CreditCard", "CreditCard\CreditCard.vcxproj", "{7F5275D0-1E98-4A05-83B0-2168C7C2F54C}"
EndProject
Global
	GlobalSection(SolutionConfigurationPlatforms) = preSolution
		Debug|x64 = Debug|x64
		Debug|x86 = Debug|x86
		Release|x64 = Release|x64
		Release|x86 = Release|x86
	EndGlobalSection
	GlobalSection(ProjectConfigurationPlatforms) = postSolution
		{AD70988D-43AD-4EC1-AC0B-C805157B08CF}.Debug|x64.ActiveCfg = Debug|x64
		{AD70988D-43AD-4EC1-AC0B-C805157B08CF}.Debug|x64.Build.0 = Debug|x64
		{AD70988D-43AD-4EC1-AC0B-C805157B08CF}.Debug|x86.ActiveCfg = Debug|Win32
		{AD70988D-43AD-4EC1-AC0B-C805157B08CF}.Debug|x86.Build.0 = Debug|Win32
		{AD70988D-43AD-4EC1-AC0B-C805157B08CF}.Release|x64.ActiveCfg = Release|x64
		{AD70988D-43AD-4EC1-AC0B-C805157B08CF}.Release|x64.Build.0 = Release|x64
		{AD70988D-43AD-4EC1-AC0B-C805157B08CF}.Release|x86.ActiveCfg = Release|Win32
		{AD70988D-43AD-4EC1-AC0B-C805157B08CF}.Release|x86.Build.0 = Release|Win32
		{5E51BE1A-28DA-413A-9E75-F37CF6BEC3A0}.Debug|x64.ActiveCfg = Debug|x64
		{5E51BE1A-28DA-413A-9E75-F37CF6BEC3A0}.Debug|x64.Build.0 = Debug|x64
		{5E51BE1A-28DA-413A-9E75-F37CF6BEC3A0}.Debug|x86.ActiveCfg = Debug|Win32
		{5E51BE1A-28DA-413A-9E75-F37CF6BEC3A0}.Debug|x86.Build.0 = Debug|Win32
		{5E51BE1A-28DA-413A-9E75-F37CF6BEC3A0}.Release|x64.ActiveCfg = Release|x64
		{5E51BE1A-28DA-413A-9E75-F37CF6BEC3A0}.Release|x64.Build.0 = Release|x64
		{5E51BE1A-28DA-413A-9E75-F37CF6BEC3A0}.Release|x86.ActiveCfg = Release|Win32
		{5E51BE1A-28DA-413A-9E75-F37CF6BEC3A0}.Release|x86.Build.0 = Release|Win32
		{8BC520B5-7887-4CFB-AE29-CFCDFCA53440}.Debug|x64.ActiveCfg = Debug|x64
		{8BC520B5-7887-4CFB-AE29-CFCDFCA53440}.Debug|x64.Build.0 = Debug|x64
		{8BC520B5-7887-4CFB-AE29-CFCDFCA53440}.Debug|x86.ActiveCfg = Debug|Win32
		{8BC520B5-7887-4CFB-AE29-CFCDFCA53440}.Debug|x86.Build.0 = Debug|Win32
		{8BC520B5-7887-4CFB-AE29-CFCDFCA53440}.Release|x64.ActiveCfg = Release|x64
		{8BC520B5-7887-4CFB-AE29-CFCDFCA53440}.Release|x64.Build.0 = Release|x64
		{8BC520B5-7887-4CFB-AE29-CFCDFCA53440}.Release|x86.ActiveCfg = Release|Win32
		{8BC520B5-7887-4CFB-AE29-CFCDFCA53440}.Release|x86.Build.0 = Release|Win32
		{650E6E0C-0AE8-4828-95F7-DA7B3C370091}.Debug|x64.ActiveCfg = Debug|x64
		{650E6E0C-0AE8-4828-95F7-DA7B3C370091}.Debug|x64.Build.0 = Debug|x64
		{650E6E0C-0AE8-4828-95F7-DA7B3C370091}.Debug|x86.ActiveCfg = Debug|Win32
		{650E6E0C-0AE8-4828-95F7-DA7B3C370091}.Debug|x86.Build.0 = Debug|Win32
		{650E6E0C-0AE8-4828-95F7-DA7B3C370091}.Release|x64.ActiveCfg = Release|x64
		{650E6E0C-0AE8-4828-95F7-DA7B3C370091}.Release|x64.Build.0 = Release|x64
		{650E6E0C-0AE8-4828-95F7-DA7B3C370091}.Release|x86.ActiveCfg = Release|Win32
		{650E6E0C-0AE8-4828-95F7-DA7B3C370091}.Release|x86.Build.0 = Release|Win32
		{7F5275D0-1E98-4A05-83B0-2168C7C2F54C}.Debug|x64.ActiveCfg = Debug|x64
		{7F5275D0-1E98-4A05-83B0-2168C7C2F54C}.Debug|x64.Build.0 = Debug|x64
		{7F5275D0-1E98-4A05-83B0-2168C7C2F54C}.Debug|x86.ActiveCfg = Debug|Win32
		{7F5275D0-1E98-4A05-83B0-2168C7C2F54C}.Debug|x86.Build.0 = Debug|Win32
		{7F5275D0-1E98-4A05-83B0-2168C7C2F54C}.Release|x64.ActiveCfg = Release|x64
		{7F5275D0-1E98-4A05-83B0-2168C7C2F54C}.Release|x64.Build.0 = Release|x64
		{7F5275D0-1E98-4A05-83B0-2168C7C2F54C}.Release|x86.ActiveCfg = Release|Win32
		{7F5275D0-1E98-4A05-83B0-2168C7C2F54C}.Release|x86.Build.0 = Release|Win32
	EndGlobalSection
	GlobalSection(SolutionProperties) = preSolution
		HideSolutionNode = FALSE
	EndGlobalSection
	GlobalSection(ExtensibilityGlobals) = postSolution
		SolutionGuid = {6A3BCDD7-8906-42A0-A127-7AA75AAC0979}
	EndGlobalSection
EndGlobal
